// !$*UTF8*$!
{
	archiveVersion = 1;
	classes = {
	};
	objectVersion = 56;
	objects = {

/* Begin PBXBuildFile section */
		9F13FCE22D4D498300EF9467 /* PopularWorkoutScreenVC.swift in Sources */ = {isa = PBXBuildFile; fileRef = 9F13FCE12D4D498300EF9467 /* PopularWorkoutScreenVC.swift */; };
		9F13FCE42D4D4DC100EF9467 /* PopularWorkoutScreenVC.xib in Resources */ = {isa = PBXBuildFile; fileRef = 9F13FCE32D4D4DC100EF9467 /* PopularWorkoutScreenVC.xib */; };
		9F2383AA2D3B07780066F17A /* FirebaseAuth in Frameworks */ = {isa = PBXBuildFile; productRef = 9F2383A92D3B07780066F17A /* FirebaseAuth */; };
		9F2383AC2D3B07780066F17A /* FirebaseFirestore in Frameworks */ = {isa = PBXBuildFile; productRef = 9F2383AB2D3B07780066F17A /* FirebaseFirestore */; };
		9F2383AE2D3B07780066F17A /* FirebaseStorage in Frameworks */ = {isa = PBXBuildFile; productRef = 9F2383AD2D3B07780066F17A /* FirebaseStorage */; };
		9F2383B02D3B07940066F17A /* FirebaseCore in Frameworks */ = {isa = PBXBuildFile; productRef = 9F2383AF2D3B07940066F17A /* FirebaseCore */; };
		9F2383B22D3B08330066F17A /* GoogleService-Info.plist in Resources */ = {isa = PBXBuildFile; fileRef = 9F2383B12D3B08330066F17A /* GoogleService-Info.plist */; };
		9F2383B42D3B17680066F17A /* AuthScreenVC.swift in Sources */ = {isa = PBXBuildFile; fileRef = 9F2383B32D3B17680066F17A /* AuthScreenVC.swift */; };
		9F2383B62D3B17BE0066F17A /* FirebaseAnalytics in Frameworks */ = {isa = PBXBuildFile; productRef = 9F2383B52D3B17BE0066F17A /* FirebaseAnalytics */; };
		9F29CCF52D481CA200450659 /* SettingsCell.swift in Sources */ = {isa = PBXBuildFile; fileRef = 9F29CCF32D481CA200450659 /* SettingsCell.swift */; };
		9F29CCF62D481CA200450659 /* SettingsCell.xib in Resources */ = {isa = PBXBuildFile; fileRef = 9F29CCF42D481CA200450659 /* SettingsCell.xib */; };
		9F3030462D3EFA7A003D8DB8 /* DrawerNavigator.swift in Sources */ = {isa = PBXBuildFile; fileRef = 9F3030452D3EFA7A003D8DB8 /* DrawerNavigator.swift */; };
		9F3C66A52D415EF30028E933 /* SettingsScreenVC.swift in Sources */ = {isa = PBXBuildFile; fileRef = 9F3C66A42D415EF30028E933 /* SettingsScreenVC.swift */; };
		9F86C5B12D2D9A4F00861432 /* AppDelegate.swift in Sources */ = {isa = PBXBuildFile; fileRef = 9F86C5B02D2D9A4F00861432 /* AppDelegate.swift */; };
		9F86C5B32D2D9A4F00861432 /* SceneDelegate.swift in Sources */ = {isa = PBXBuildFile; fileRef = 9F86C5B22D2D9A4F00861432 /* SceneDelegate.swift */; };
		9F86C5B52D2D9A4F00861432 /* HomeScreenVC.swift in Sources */ = {isa = PBXBuildFile; fileRef = 9F86C5B42D2D9A4F00861432 /* HomeScreenVC.swift */; };
		9F86C5B82D2D9A4F00861432 /* Base in Resources */ = {isa = PBXBuildFile; fileRef = 9F86C5B72D2D9A4F00861432 /* Base */; };
		9F86C5BA2D2D9A5200861432 /* Assets.xcassets in Resources */ = {isa = PBXBuildFile; fileRef = 9F86C5B92D2D9A5200861432 /* Assets.xcassets */; };
		9F86C5BD2D2D9A5200861432 /* Base in Resources */ = {isa = PBXBuildFile; fileRef = 9F86C5BC2D2D9A5200861432 /* Base */; };
		9FBC55B22D404BC100FA6DEE /* HomeScreenVC.xib in Resources */ = {isa = PBXBuildFile; fileRef = 9FBC55B12D404BC100FA6DEE /* HomeScreenVC.xib */; };
		9FBC55B42D404DBB00FA6DEE /* MyRoutineScreenVC.xib in Resources */ = {isa = PBXBuildFile; fileRef = 9FBC55B32D404DBB00FA6DEE /* MyRoutineScreenVC.xib */; };
		9FBC55B62D404E8200FA6DEE /* SettingsScreenVC.xib in Resources */ = {isa = PBXBuildFile; fileRef = 9FBC55B52D404E8200FA6DEE /* SettingsScreenVC.xib */; };
		9FBC55B82D404EC100FA6DEE /* DrawerNavigationScreenVC.xib in Resources */ = {isa = PBXBuildFile; fileRef = 9FBC55B72D404EC100FA6DEE /* DrawerNavigationScreenVC.xib */; };
		9FBC55BA2D40534700FA6DEE /* FirebaseMessaging in Frameworks */ = {isa = PBXBuildFile; productRef = 9FBC55B92D40534700FA6DEE /* FirebaseMessaging */; };
		9FC3498D2D31C15400853B93 /* MyRoutineScreenVC.swift in Sources */ = {isa = PBXBuildFile; fileRef = 9FC3498C2D31C15400853B93 /* MyRoutineScreenVC.swift */; };
		9FE9566F2D3971AA007E46F4 /* YoutubeView.swift in Sources */ = {isa = PBXBuildFile; fileRef = 9FE9566E2D3971AA007E46F4 /* YoutubeView.swift */; };
/* End PBXBuildFile section */

/* Begin PBXFileReference section */
		9F13FCE12D4D498300EF9467 /* PopularWorkoutScreenVC.swift */ = {isa = PBXFileReference; lastKnownFileType = sourcecode.swift; path = PopularWorkoutScreenVC.swift; sourceTree = "<group>"; };
		9F13FCE32D4D4DC100EF9467 /* PopularWorkoutScreenVC.xib */ = {isa = PBXFileReference; lastKnownFileType = file.xib; path = PopularWorkoutScreenVC.xib; sourceTree = "<group>"; };
		9F2383B12D3B08330066F17A /* GoogleService-Info.plist */ = {isa = PBXFileReference; fileEncoding = 4; lastKnownFileType = text.plist.xml; path = "GoogleService-Info.plist"; sourceTree = "<group>"; };
		9F2383B32D3B17680066F17A /* AuthScreenVC.swift */ = {isa = PBXFileReference; lastKnownFileType = sourcecode.swift; path = AuthScreenVC.swift; sourceTree = "<group>"; };
		9F29CCF32D481CA200450659 /* SettingsCell.swift */ = {isa = PBXFileReference; lastKnownFileType = sourcecode.swift; path = SettingsCell.swift; sourceTree = "<group>"; };
		9F29CCF42D481CA200450659 /* SettingsCell.xib */ = {isa = PBXFileReference; lastKnownFileType = file.xib; path = SettingsCell.xib; sourceTree = "<group>"; };
		9F3030452D3EFA7A003D8DB8 /* DrawerNavigator.swift */ = {isa = PBXFileReference; lastKnownFileType = sourcecode.swift; path = DrawerNavigator.swift; sourceTree = "<group>"; };
		9F3C66A42D415EF30028E933 /* SettingsScreenVC.swift */ = {isa = PBXFileReference; lastKnownFileType = sourcecode.swift; path = SettingsScreenVC.swift; sourceTree = "<group>"; };
		9F86C5AD2D2D9A4F00861432 /* FitnessApp.app */ = {isa = PBXFileReference; explicitFileType = wrapper.application; includeInIndex = 0; path = FitnessApp.app; sourceTree = BUILT_PRODUCTS_DIR; };
		9F86C5B02D2D9A4F00861432 /* AppDelegate.swift */ = {isa = PBXFileReference; lastKnownFileType = sourcecode.swift; path = AppDelegate.swift; sourceTree = "<group>"; };
		9F86C5B22D2D9A4F00861432 /* SceneDelegate.swift */ = {isa = PBXFileReference; lastKnownFileType = sourcecode.swift; path = SceneDelegate.swift; sourceTree = "<group>"; };
		9F86C5B42D2D9A4F00861432 /* HomeScreenVC.swift */ = {isa = PBXFileReference; lastKnownFileType = sourcecode.swift; path = HomeScreenVC.swift; sourceTree = "<group>"; };
		9F86C5B72D2D9A4F00861432 /* Base */ = {isa = PBXFileReference; lastKnownFileType = file.storyboard; name = Base; path = Base.lproj/Main.storyboard; sourceTree = "<group>"; };
		9F86C5B92D2D9A5200861432 /* Assets.xcassets */ = {isa = PBXFileReference; lastKnownFileType = folder.assetcatalog; path = Assets.xcassets; sourceTree = "<group>"; };
		9F86C5BC2D2D9A5200861432 /* Base */ = {isa = PBXFileReference; lastKnownFileType = file.storyboard; name = Base; path = Base.lproj/LaunchScreen.storyboard; sourceTree = "<group>"; };
		9F86C5BE2D2D9A5200861432 /* Info.plist */ = {isa = PBXFileReference; lastKnownFileType = text.plist.xml; path = Info.plist; sourceTree = "<group>"; };
		9FBC55B12D404BC100FA6DEE /* HomeScreenVC.xib */ = {isa = PBXFileReference; lastKnownFileType = file.xib; path = HomeScreenVC.xib; sourceTree = "<group>"; };
		9FBC55B32D404DBB00FA6DEE /* MyRoutineScreenVC.xib */ = {isa = PBXFileReference; lastKnownFileType = file.xib; path = MyRoutineScreenVC.xib; sourceTree = "<group>"; };
		9FBC55B52D404E8200FA6DEE /* SettingsScreenVC.xib */ = {isa = PBXFileReference; lastKnownFileType = file.xib; path = SettingsScreenVC.xib; sourceTree = "<group>"; };
		9FBC55B72D404EC100FA6DEE /* DrawerNavigationScreenVC.xib */ = {isa = PBXFileReference; lastKnownFileType = file.xib; path = DrawerNavigationScreenVC.xib; sourceTree = "<group>"; };
		9FC3498C2D31C15400853B93 /* MyRoutineScreenVC.swift */ = {isa = PBXFileReference; lastKnownFileType = sourcecode.swift; path = MyRoutineScreenVC.swift; sourceTree = "<group>"; };
		9FE9566E2D3971AA007E46F4 /* YoutubeView.swift */ = {isa = PBXFileReference; lastKnownFileType = sourcecode.swift; path = YoutubeView.swift; sourceTree = "<group>"; };
/* End PBXFileReference section */

/* Begin PBXFrameworksBuildPhase section */
		9F86C5AA2D2D9A4F00861432 /* Frameworks */ = {
			isa = PBXFrameworksBuildPhase;
			buildActionMask = 2147483647;
			files = (
				9FBC55BA2D40534700FA6DEE /* FirebaseMessaging in Frameworks */,
				9F2383AA2D3B07780066F17A /* FirebaseAuth in Frameworks */,
				9F2383AC2D3B07780066F17A /* FirebaseFirestore in Frameworks */,
				9F2383B02D3B07940066F17A /* FirebaseCore in Frameworks */,
				9F2383B62D3B17BE0066F17A /* FirebaseAnalytics in Frameworks */,
				9F2383AE2D3B07780066F17A /* FirebaseStorage in Frameworks */,
			);
			runOnlyForDeploymentPostprocessing = 0;
		};
/* End PBXFrameworksBuildPhase section */

/* Begin PBXGroup section */
		9F2383A82D3B07780066F17A /* Frameworks */ = {
			isa = PBXGroup;
			children = (
			);
			name = Frameworks;
			sourceTree = "<group>";
		};
		9F29CCF22D481C3100450659 /* Components */ = {
			isa = PBXGroup;
			children = (
				9F29CCF32D481CA200450659 /* SettingsCell.swift */,
				9F29CCF42D481CA200450659 /* SettingsCell.xib */,
			);
			path = Components;
			sourceTree = "<group>";
		};
		9F86C5A42D2D9A4F00861432 = {
			isa = PBXGroup;
			children = (
				9F86C5AF2D2D9A4F00861432 /* FitnessApp */,
				9F86C5AE2D2D9A4F00861432 /* Products */,
				9F2383A82D3B07780066F17A /* Frameworks */,
			);
			sourceTree = "<group>";
		};
		9F86C5AE2D2D9A4F00861432 /* Products */ = {
			isa = PBXGroup;
			children = (
				9F86C5AD2D2D9A4F00861432 /* FitnessApp.app */,
			);
			name = Products;
			sourceTree = "<group>";
		};
		9F86C5AF2D2D9A4F00861432 /* FitnessApp */ = {
			isa = PBXGroup;
			children = (
				9FBC55B02D404BA900FA6DEE /* Screens */,
				9FC3498B2D31C10C00853B93 /* Controllers */,
				9F86C5B02D2D9A4F00861432 /* AppDelegate.swift */,
				9F86C5B22D2D9A4F00861432 /* SceneDelegate.swift */,
				9F86C5B92D2D9A5200861432 /* Assets.xcassets */,
				9F86C5BB2D2D9A5200861432 /* LaunchScreen.storyboard */,
				9F86C5BE2D2D9A5200861432 /* Info.plist */,
				9F2383B12D3B08330066F17A /* GoogleService-Info.plist */,
			);
			path = FitnessApp;
			sourceTree = "<group>";
		};
		9FBC55B02D404BA900FA6DEE /* Screens */ = {
			isa = PBXGroup;
			children = (
				9F29CCF22D481C3100450659 /* Components */,
				9F86C5B62D2D9A4F00861432 /* Main.storyboard */,
				9FBC55B12D404BC100FA6DEE /* HomeScreenVC.xib */,
				9FBC55B32D404DBB00FA6DEE /* MyRoutineScreenVC.xib */,
				9FBC55B52D404E8200FA6DEE /* SettingsScreenVC.xib */,
				9FBC55B72D404EC100FA6DEE /* DrawerNavigationScreenVC.xib */,
				9F13FCE32D4D4DC100EF9467 /* PopularWorkoutScreenVC.xib */,
			);
			path = Screens;
			sourceTree = "<group>";
		};
		9FC3498B2D31C10C00853B93 /* Controllers */ = {
			isa = PBXGroup;
			children = (
				9F2383B32D3B17680066F17A /* AuthScreenVC.swift */,
				9F86C5B42D2D9A4F00861432 /* HomeScreenVC.swift */,
				9FC3498C2D31C15400853B93 /* MyRoutineScreenVC.swift */,
				9FE9566E2D3971AA007E46F4 /* YoutubeView.swift */,
				9F3030452D3EFA7A003D8DB8 /* DrawerNavigator.swift */,
				9F3C66A42D415EF30028E933 /* SettingsScreenVC.swift */,
				9F13FCE12D4D498300EF9467 /* PopularWorkoutScreenVC.swift */,
			);
			path = Controllers;
			sourceTree = "<group>";
		};
/* End PBXGroup section */

/* Begin PBXNativeTarget section */
		9F86C5AC2D2D9A4F00861432 /* FitnessApp */ = {
			isa = PBXNativeTarget;
			buildConfigurationList = 9F86C5C12D2D9A5200861432 /* Build configuration list for PBXNativeTarget "FitnessApp" */;
			buildPhases = (
				9F86C5A92D2D9A4F00861432 /* Sources */,
				9F86C5AA2D2D9A4F00861432 /* Frameworks */,
				9F86C5AB2D2D9A4F00861432 /* Resources */,
			);
			buildRules = (
			);
			dependencies = (
			);
			name = FitnessApp;
			packageProductDependencies = (
				9F2383A92D3B07780066F17A /* FirebaseAuth */,
				9F2383AB2D3B07780066F17A /* FirebaseFirestore */,
				9F2383AD2D3B07780066F17A /* FirebaseStorage */,
				9F2383AF2D3B07940066F17A /* FirebaseCore */,
				9F2383B52D3B17BE0066F17A /* FirebaseAnalytics */,
				9FBC55B92D40534700FA6DEE /* FirebaseMessaging */,
			);
			productName = FitnessApp;
			productReference = 9F86C5AD2D2D9A4F00861432 /* FitnessApp.app */;
			productType = "com.apple.product-type.application";
		};
/* End PBXNativeTarget section */

/* Begin PBXProject section */
		9F86C5A52D2D9A4F00861432 /* Project object */ = {
			isa = PBXProject;
			attributes = {
				BuildIndependentTargetsInParallel = 1;
				LastSwiftUpdateCheck = 1540;
				LastUpgradeCheck = 1540;
				TargetAttributes = {
					9F86C5AC2D2D9A4F00861432 = {
						CreatedOnToolsVersion = 15.4;
					};
				};
			};
			buildConfigurationList = 9F86C5A82D2D9A4F00861432 /* Build configuration list for PBXProject "FitnessApp" */;
			compatibilityVersion = "Xcode 14.0";
			developmentRegion = en;
			hasScannedForEncodings = 0;
			knownRegions = (
				en,
				Base,
			);
			mainGroup = 9F86C5A42D2D9A4F00861432;
			packageReferences = (
				9F2383A72D3B06E80066F17A /* XCRemoteSwiftPackageReference "firebase-ios-sdk" */,
			);
			productRefGroup = 9F86C5AE2D2D9A4F00861432 /* Products */;
			projectDirPath = "";
			projectRoot = "";
			targets = (
				9F86C5AC2D2D9A4F00861432 /* FitnessApp */,
			);
		};
/* End PBXProject section */

/* Begin PBXResourcesBuildPhase section */
		9F86C5AB2D2D9A4F00861432 /* Resources */ = {
			isa = PBXResourcesBuildPhase;
			buildActionMask = 2147483647;
			files = (
				9F13FCE42D4D4DC100EF9467 /* PopularWorkoutScreenVC.xib in Resources */,
				9F86C5BA2D2D9A5200861432 /* Assets.xcassets in Resources */,
				9F2383B22D3B08330066F17A /* GoogleService-Info.plist in Resources */,
				9F86C5BD2D2D9A5200861432 /* Base in Resources */,
				9F29CCF62D481CA200450659 /* SettingsCell.xib in Resources */,
				9FBC55B82D404EC100FA6DEE /* DrawerNavigationScreenVC.xib in Resources */,
				9FBC55B42D404DBB00FA6DEE /* MyRoutineScreenVC.xib in Resources */,
				9F86C5B82D2D9A4F00861432 /* Base in Resources */,
				9FBC55B22D404BC100FA6DEE /* HomeScreenVC.xib in Resources */,
				9FBC55B62D404E8200FA6DEE /* SettingsScreenVC.xib in Resources */,
			);
			runOnlyForDeploymentPostprocessing = 0;
		};
/* End PBXResourcesBuildPhase section */

/* Begin PBXSourcesBuildPhase section */
		9F86C5A92D2D9A4F00861432 /* Sources */ = {
			isa = PBXSourcesBuildPhase;
			buildActionMask = 2147483647;
			files = (
				9F3030462D3EFA7A003D8DB8 /* DrawerNavigator.swift in Sources */,
				9FC3498D2D31C15400853B93 /* MyRoutineScreenVC.swift in Sources */,
				9F29CCF52D481CA200450659 /* SettingsCell.swift in Sources */,
				9F86C5B52D2D9A4F00861432 /* HomeScreenVC.swift in Sources */,
				9F3C66A52D415EF30028E933 /* SettingsScreenVC.swift in Sources */,
				9F86C5B12D2D9A4F00861432 /* AppDelegate.swift in Sources */,
				9FE9566F2D3971AA007E46F4 /* YoutubeView.swift in Sources */,
				9F2383B42D3B17680066F17A /* AuthScreenVC.swift in Sources */,
				9F86C5B32D2D9A4F00861432 /* SceneDelegate.swift in Sources */,
				9F13FCE22D4D498300EF9467 /* PopularWorkoutScreenVC.swift in Sources */,
			);
			runOnlyForDeploymentPostprocessing = 0;
		};
/* End PBXSourcesBuildPhase section */

/* Begin PBXVariantGroup section */
		9F86C5B62D2D9A4F00861432 /* Main.storyboard */ = {
			isa = PBXVariantGroup;
			children = (
				9F86C5B72D2D9A4F00861432 /* Base */,
			);
			name = Main.storyboard;
			sourceTree = "<group>";
		};
		9F86C5BB2D2D9A5200861432 /* LaunchScreen.storyboard */ = {
			isa = PBXVariantGroup;
			children = (
				9F86C5BC2D2D9A5200861432 /* Base */,
			);
			name = LaunchScreen.storyboard;
			sourceTree = "<group>";
		};
/* End PBXVariantGroup section */

/* Begin XCBuildConfiguration section */
		9F86C5BF2D2D9A5200861432 /* Debug */ = {
			isa = XCBuildConfiguration;
			buildSettings = {
				ALWAYS_SEARCH_USER_PATHS = NO;
				ASSETCATALOG_COMPILER_GENERATE_SWIFT_ASSET_SYMBOL_EXTENSIONS = YES;
				CLANG_ANALYZER_NONNULL = YES;
				CLANG_ANALYZER_NUMBER_OBJECT_CONVERSION = YES_AGGRESSIVE;
				CLANG_CXX_LANGUAGE_STANDARD = "gnu++20";
				CLANG_ENABLE_MODULES = YES;
				CLANG_ENABLE_OBJC_ARC = YES;
				CLANG_ENABLE_OBJC_WEAK = YES;
				CLANG_WARN_BLOCK_CAPTURE_AUTORELEASING = YES;
				CLANG_WARN_BOOL_CONVERSION = YES;
				CLANG_WARN_COMMA = YES;
				CLANG_WARN_CONSTANT_CONVERSION = YES;
				CLANG_WARN_DEPRECATED_OBJC_IMPLEMENTATIONS = YES;
				CLANG_WARN_DIRECT_OBJC_ISA_USAGE = YES_ERROR;
				CLANG_WARN_DOCUMENTATION_COMMENTS = YES;
				CLANG_WARN_EMPTY_BODY = YES;
				CLANG_WARN_ENUM_CONVERSION = YES;
				CLANG_WARN_INFINITE_RECURSION = YES;
				CLANG_WARN_INT_CONVERSION = YES;
				CLANG_WARN_NON_LITERAL_NULL_CONVERSION = YES;
				CLANG_WARN_OBJC_IMPLICIT_RETAIN_SELF = YES;
				CLANG_WARN_OBJC_LITERAL_CONVERSION = YES;
				CLANG_WARN_OBJC_ROOT_CLASS = YES_ERROR;
				CLANG_WARN_QUOTED_INCLUDE_IN_FRAMEWORK_HEADER = YES;
				CLANG_WARN_RANGE_LOOP_ANALYSIS = YES;
				CLANG_WARN_STRICT_PROTOTYPES = YES;
				CLANG_WARN_SUSPICIOUS_MOVE = YES;
				CLANG_WARN_UNGUARDED_AVAILABILITY = YES_AGGRESSIVE;
				CLANG_WARN_UNREACHABLE_CODE = YES;
				CLANG_WARN__DUPLICATE_METHOD_MATCH = YES;
				COPY_PHASE_STRIP = NO;
				DEBUG_INFORMATION_FORMAT = dwarf;
				ENABLE_STRICT_OBJC_MSGSEND = YES;
				ENABLE_TESTABILITY = YES;
				ENABLE_USER_SCRIPT_SANDBOXING = YES;
				GCC_C_LANGUAGE_STANDARD = gnu17;
				GCC_DYNAMIC_NO_PIC = NO;
				GCC_NO_COMMON_BLOCKS = YES;
				GCC_OPTIMIZATION_LEVEL = 0;
				GCC_PREPROCESSOR_DEFINITIONS = (
					"DEBUG=1",
					"$(inherited)",
				);
				GCC_WARN_64_TO_32_BIT_CONVERSION = YES;
				GCC_WARN_ABOUT_RETURN_TYPE = YES_ERROR;
				GCC_WARN_UNDECLARED_SELECTOR = YES;
				GCC_WARN_UNINITIALIZED_AUTOS = YES_AGGRESSIVE;
				GCC_WARN_UNUSED_FUNCTION = YES;
				GCC_WARN_UNUSED_VARIABLE = YES;
				IPHONEOS_DEPLOYMENT_TARGET = 17.5;
				LOCALIZATION_PREFERS_STRING_CATALOGS = YES;
				MTL_ENABLE_DEBUG_INFO = INCLUDE_SOURCE;
				MTL_FAST_MATH = YES;
				ONLY_ACTIVE_ARCH = YES;
				SDKROOT = iphoneos;
				SWIFT_ACTIVE_COMPILATION_CONDITIONS = "DEBUG $(inherited)";
				SWIFT_OPTIMIZATION_LEVEL = "-Onone";
			};
			name = Debug;
		};
		9F86C5C02D2D9A5200861432 /* Release */ = {
			isa = XCBuildConfiguration;
			buildSettings = {
				ALWAYS_SEARCH_USER_PATHS = NO;
				ASSETCATALOG_COMPILER_GENERATE_SWIFT_ASSET_SYMBOL_EXTENSIONS = YES;
				CLANG_ANALYZER_NONNULL = YES;
				CLANG_ANALYZER_NUMBER_OBJECT_CONVERSION = YES_AGGRESSIVE;
				CLANG_CXX_LANGUAGE_STANDARD = "gnu++20";
				CLANG_ENABLE_MODULES = YES;
				CLANG_ENABLE_OBJC_ARC = YES;
				CLANG_ENABLE_OBJC_WEAK = YES;
				CLANG_WARN_BLOCK_CAPTURE_AUTORELEASING = YES;
				CLANG_WARN_BOOL_CONVERSION = YES;
				CLANG_WARN_COMMA = YES;
				CLANG_WARN_CONSTANT_CONVERSION = YES;
				CLANG_WARN_DEPRECATED_OBJC_IMPLEMENTATIONS = YES;
				CLANG_WARN_DIRECT_OBJC_ISA_USAGE = YES_ERROR;
				CLANG_WARN_DOCUMENTATION_COMMENTS = YES;
				CLANG_WARN_EMPTY_BODY = YES;
				CLANG_WARN_ENUM_CONVERSION = YES;
				CLANG_WARN_INFINITE_RECURSION = YES;
				CLANG_WARN_INT_CONVERSION = YES;
				CLANG_WARN_NON_LITERAL_NULL_CONVERSION = YES;
				CLANG_WARN_OBJC_IMPLICIT_RETAIN_SELF = YES;
				CLANG_WARN_OBJC_LITERAL_CONVERSION = YES;
				CLANG_WARN_OBJC_ROOT_CLASS = YES_ERROR;
				CLANG_WARN_QUOTED_INCLUDE_IN_FRAMEWORK_HEADER = YES;
				CLANG_WARN_RANGE_LOOP_ANALYSIS = YES;
				CLANG_WARN_STRICT_PROTOTYPES = YES;
				CLANG_WARN_SUSPICIOUS_MOVE = YES;
				CLANG_WARN_UNGUARDED_AVAILABILITY = YES_AGGRESSIVE;
				CLANG_WARN_UNREACHABLE_CODE = YES;
				CLANG_WARN__DUPLICATE_METHOD_MATCH = YES;
				COPY_PHASE_STRIP = NO;
				DEBUG_INFORMATION_FORMAT = "dwarf-with-dsym";
				ENABLE_NS_ASSERTIONS = NO;
				ENABLE_STRICT_OBJC_MSGSEND = YES;
				ENABLE_USER_SCRIPT_SANDBOXING = YES;
				GCC_C_LANGUAGE_STANDARD = gnu17;
				GCC_NO_COMMON_BLOCKS = YES;
				GCC_WARN_64_TO_32_BIT_CONVERSION = YES;
				GCC_WARN_ABOUT_RETURN_TYPE = YES_ERROR;
				GCC_WARN_UNDECLARED_SELECTOR = YES;
				GCC_WARN_UNINITIALIZED_AUTOS = YES_AGGRESSIVE;
				GCC_WARN_UNUSED_FUNCTION = YES;
				GCC_WARN_UNUSED_VARIABLE = YES;
				IPHONEOS_DEPLOYMENT_TARGET = 17.5;
				LOCALIZATION_PREFERS_STRING_CATALOGS = YES;
				MTL_ENABLE_DEBUG_INFO = NO;
				MTL_FAST_MATH = YES;
				SDKROOT = iphoneos;
				SWIFT_COMPILATION_MODE = wholemodule;
				VALIDATE_PRODUCT = YES;
			};
			name = Release;
		};
		9F86C5C22D2D9A5200861432 /* Debug */ = {
			isa = XCBuildConfiguration;
			buildSettings = {
				ASSETCATALOG_COMPILER_APPICON_NAME = AppIcon;
				ASSETCATALOG_COMPILER_GLOBAL_ACCENT_COLOR_NAME = AccentColor;
				CODE_SIGN_STYLE = Automatic;
				CURRENT_PROJECT_VERSION = 1;
				DEVELOPMENT_TEAM = GANVSV79L6;
				GENERATE_INFOPLIST_FILE = YES;
				INFOPLIST_FILE = FitnessApp/Info.plist;
				INFOPLIST_KEY_UIApplicationSupportsIndirectInputEvents = YES;
				INFOPLIST_KEY_UILaunchStoryboardName = LaunchScreen;
				INFOPLIST_KEY_UIMainStoryboardFile = Main;
				INFOPLIST_KEY_UISupportedInterfaceOrientations_iPad = "UIInterfaceOrientationPortrait UIInterfaceOrientationPortraitUpsideDown UIInterfaceOrientationLandscapeLeft UIInterfaceOrientationLandscapeRight";
				INFOPLIST_KEY_UISupportedInterfaceOrientations_iPhone = "UIInterfaceOrientationPortrait UIInterfaceOrientationLandscapeLeft UIInterfaceOrientationLandscapeRight";
				IPHONEOS_DEPLOYMENT_TARGET = 17.5;
				LD_RUNPATH_SEARCH_PATHS = (
					"$(inherited)",
					"@executable_path/Frameworks",
				);
				MARKETING_VERSION = 1.0;
				PRODUCT_BUNDLE_IDENTIFIER = com.accenture.FitnessApp;
				PRODUCT_NAME = "$(TARGET_NAME)";
				SWIFT_EMIT_LOC_STRINGS = YES;
				SWIFT_VERSION = 5.0;
				TARGETED_DEVICE_FAMILY = "1,2";
			};
			name = Debug;
		};
		9F86C5C32D2D9A5200861432 /* Release */ = {
			isa = XCBuildConfiguration;
			buildSettings = {
				ASSETCATALOG_COMPILER_APPICON_NAME = AppIcon;
				ASSETCATALOG_COMPILER_GLOBAL_ACCENT_COLOR_NAME = AccentColor;
				CODE_SIGN_STYLE = Automatic;
				CURRENT_PROJECT_VERSION = 1;
				DEVELOPMENT_TEAM = GANVSV79L6;
				GENERATE_INFOPLIST_FILE = YES;
				INFOPLIST_FILE = FitnessApp/Info.plist;
				INFOPLIST_KEY_UIApplicationSupportsIndirectInputEvents = YES;
				INFOPLIST_KEY_UILaunchStoryboardName = LaunchScreen;
				INFOPLIST_KEY_UIMainStoryboardFile = Main;
				INFOPLIST_KEY_UISupportedInterfaceOrientations_iPad = "UIInterfaceOrientationPortrait UIInterfaceOrientationPortraitUpsideDown UIInterfaceOrientationLandscapeLeft UIInterfaceOrientationLandscapeRight";
				INFOPLIST_KEY_UISupportedInterfaceOrientations_iPhone = "UIInterfaceOrientationPortrait UIInterfaceOrientationLandscapeLeft UIInterfaceOrientationLandscapeRight";
				IPHONEOS_DEPLOYMENT_TARGET = 17.5;
				LD_RUNPATH_SEARCH_PATHS = (
					"$(inherited)",
					"@executable_path/Frameworks",
				);
				MARKETING_VERSION = 1.0;
				PRODUCT_BUNDLE_IDENTIFIER = com.accenture.FitnessApp;
				PRODUCT_NAME = "$(TARGET_NAME)";
				SWIFT_EMIT_LOC_STRINGS = YES;
				SWIFT_VERSION = 5.0;
				TARGETED_DEVICE_FAMILY = "1,2";
			};
			name = Release;
		};
/* End XCBuildConfiguration section */

/* Begin XCConfigurationList section */
		9F86C5A82D2D9A4F00861432 /* Build configuration list for PBXProject "FitnessApp" */ = {
			isa = XCConfigurationList;
			buildConfigurations = (
				9F86C5BF2D2D9A5200861432 /* Debug */,
				9F86C5C02D2D9A5200861432 /* Release */,
			);
			defaultConfigurationIsVisible = 0;
			defaultConfigurationName = Release;
		};
		9F86C5C12D2D9A5200861432 /* Build configuration list for PBXNativeTarget "FitnessApp" */ = {
			isa = XCConfigurationList;
			buildConfigurations = (
				9F86C5C22D2D9A5200861432 /* Debug */,
				9F86C5C32D2D9A5200861432 /* Release */,
			);
			defaultConfigurationIsVisible = 0;
			defaultConfigurationName = Release;
		};
/* End XCConfigurationList section */

/* Begin XCRemoteSwiftPackageReference section */
		9F2383A72D3B06E80066F17A /* XCRemoteSwiftPackageReference "firebase-ios-sdk" */ = {
			isa = XCRemoteSwiftPackageReference;
			repositoryURL = "https://github.com/firebase/firebase-ios-sdk";
			requirement = {
				kind = upToNextMajorVersion;
				minimumVersion = 11.7.0;
			};
		};
/* End XCRemoteSwiftPackageReference section */

/* Begin XCSwiftPackageProductDependency section */
		9F2383A92D3B07780066F17A /* FirebaseAuth */ = {
			isa = XCSwiftPackageProductDependency;
			package = 9F2383A72D3B06E80066F17A /* XCRemoteSwiftPackageReference "firebase-ios-sdk" */;
			productName = FirebaseAuth;
		};
		9F2383AB2D3B07780066F17A /* FirebaseFirestore */ = {
			isa = XCSwiftPackageProductDependency;
			package = 9F2383A72D3B06E80066F17A /* XCRemoteSwiftPackageReference "firebase-ios-sdk" */;
			productName = FirebaseFirestore;
		};
		9F2383AD2D3B07780066F17A /* FirebaseStorage */ = {
			isa = XCSwiftPackageProductDependency;
			package = 9F2383A72D3B06E80066F17A /* XCRemoteSwiftPackageReference "firebase-ios-sdk" */;
			productName = FirebaseStorage;
		};
		9F2383AF2D3B07940066F17A /* FirebaseCore */ = {
			isa = XCSwiftPackageProductDependency;
			package = 9F2383A72D3B06E80066F17A /* XCRemoteSwiftPackageReference "firebase-ios-sdk" */;
			productName = FirebaseCore;
		};
		9F2383B52D3B17BE0066F17A /* FirebaseAnalytics */ = {
			isa = XCSwiftPackageProductDependency;
			package = 9F2383A72D3B06E80066F17A /* XCRemoteSwiftPackageReference "firebase-ios-sdk" */;
			productName = FirebaseAnalytics;
		};
		9FBC55B92D40534700FA6DEE /* FirebaseMessaging */ = {
			isa = XCSwiftPackageProductDependency;
			package = 9F2383A72D3B06E80066F17A /* XCRemoteSwiftPackageReference "firebase-ios-sdk" */;
			productName = FirebaseMessaging;
		};
/* End XCSwiftPackageProductDependency section */
	};
	rootObject = 9F86C5A52D2D9A4F00861432 /* Project object */;
}
